
Microsoft Visual Studio Solution File, Format Version 12.00
# Visual Studio 14
VisualStudioVersion = 14.0.24720.0
MinimumVisualStudioVersion = 10.0.40219.1
Project("{FAE04EC0-301F-11D3-BF4B-00C04F79EFBC}") = "Dal", "Dal\Dal.csproj", "{B6502EA8-1A6A-46DC-882B-CBD96417F2FA}"
EndProject
Project("{FAE04EC0-301F-11D3-BF4B-00C04F79EFBC}") = "SportGuideASP", "SportGuideASP\SportGuideASP.csproj", "{0473C957-DDDE-40AF-BBE4-627389922327}"
EndProject
Project("{FAE04EC0-301F-11D3-BF4B-00C04F79EFBC}") = "SportGuideWebAPI", "SportGuideWebAPI\SportGuideWebAPI.csproj", "{EC7A6FCD-19DC-43EA-9D1F-CAC2D2C07968}"
EndProject
Global
	GlobalSection(SolutionConfigurationPlatforms) = preSolution
		Debug|Any CPU = Debug|Any CPU
		Release|Any CPU = Release|Any CPU
	EndGlobalSection
	GlobalSection(ProjectConfigurationPlatforms) = postSolution
		{B6502EA8-1A6A-46DC-882B-CBD96417F2FA}.Debug|Any CPU.ActiveCfg = Debug|Any CPU
		{B6502EA8-1A6A-46DC-882B-CBD96417F2FA}.Debug|Any CPU.Build.0 = Debug|Any CPU
		{B6502EA8-1A6A-46DC-882B-CBD96417F2FA}.Release|Any CPU.ActiveCfg = Release|Any CPU
		{B6502EA8-1A6A-46DC-882B-CBD96417F2FA}.Release|Any CPU.Build.0 = Release|Any CPU
		{0473C957-DDDE-40AF-BBE4-627389922327}.Debug|Any CPU.ActiveCfg = Debug|Any CPU
		{0473C957-DDDE-40AF-BBE4-627389922327}.Debug|Any CPU.Build.0 = Debug|Any CPU
		{0473C957-DDDE-40AF-BBE4-627389922327}.Release|Any CPU.ActiveCfg = Release|Any CPU
		{0473C957-DDDE-40AF-BBE4-627389922327}.Release|Any CPU.Build.0 = Release|Any CPU
		{EC7A6FCD-19DC-43EA-9D1F-CAC2D2C07968}.Debug|Any CPU.ActiveCfg = Debug|Any CPU
		{EC7A6FCD-19DC-43EA-9D1F-CAC2D2C07968}.Debug|Any CPU.Build.0 = Debug|Any CPU
		{EC7A6FCD-19DC-43EA-9D1F-CAC2D2C07968}.Release|Any CPU.ActiveCfg = Release|Any CPU
		{EC7A6FCD-19DC-43EA-9D1F-CAC2D2C07968}.Release|Any CPU.Build.0 = Release|Any CPU
	EndGlobalSection
	GlobalSection(SolutionProperties) = preSolution
		HideSolutionNode = FALSE
	EndGlobalSection
EndGlobal
